
Microsoft Visual Studio Solution File, Format Version 12.00
# Visual Studio Version 16
VisualStudioVersion = 16.0.30717.126
MinimumVisualStudioVersion = 10.0.40219.1
Project("{9A19103F-16F7-4668-BE54-9A1E7A4F7556}") = "TypesAndVariables", "TypesAndVariables\TypesAndVariables.csproj", "{331F8901-C0A5-4B18-8D23-1673EE14FD05}"
EndProject
Project("{9A19103F-16F7-4668-BE54-9A1E7A4F7556}") = "Conditionals", "Conditionals\Conditionals.csproj", "{4D2EBEA7-7C12-49C3-8D6D-9331E1C96FC1}"
EndProject
Project("{9A19103F-16F7-4668-BE54-9A1E7A4F7556}") = "Methods", "Methods\Methods.csproj", "{0255B626-8D46-4D2F-8718-20B7E7E160A9}"
EndProject
Project("{9A19103F-16F7-4668-BE54-9A1E7A4F7556}") = "Arrays", "Arrays\Arrays.csproj", "{283F7516-CB10-4D8A-A57C-024FD7DA8DA1}"
EndProject
Project("{9A19103F-16F7-4668-BE54-9A1E7A4F7556}") = "Loops", "Loops\Loops.csproj", "{08D927D9-093E-4BDE-857F-CDDA8BE1D154}"
EndProject
Project("{9A19103F-16F7-4668-BE54-9A1E7A4F7556}") = "String", "String\String.csproj", "{6285D149-A713-4DD9-930B-189E1742A2CB}"
EndProject
Project("{9A19103F-16F7-4668-BE54-9A1E7A4F7556}") = "Classes", "Classes\Classes.csproj", "{0CC54F73-7706-4047-8457-DCC89F684BBE}"
EndProject
Project("{9A19103F-16F7-4668-BE54-9A1E7A4F7556}") = "Recap_Demo_1", "Recap_Demo_1\Recap_Demo_1.csproj", "{306E08BC-1589-498E-9C0C-66064F848BCB}"
EndProject
Project("{9A19103F-16F7-4668-BE54-9A1E7A4F7556}") = "Interface", "Interface\Interface.csproj", "{DA4B843C-35D5-4EA0-97CD-577040A42249}"
EndProject
Project("{9A19103F-16F7-4668-BE54-9A1E7A4F7556}") = "ValueAndReferenceTypes", "ValueAndReferenceTypes\ValueAndReferenceTypes.csproj", "{58823D95-9259-4004-9287-0EE430CB10DD}"
EndProject
Project("{FAE04EC0-301F-11D3-BF4B-00C04F79EFBC}") = "Collections", "Collections\Collections.csproj", "{D860F03F-8B5C-40A8-9A64-9EB00A6018CE}"
EndProject
Project("{FAE04EC0-301F-11D3-BF4B-00C04F79EFBC}") = "Generics", "Generics\Generics.csproj", "{A733D2D9-10C8-4F06-A80B-ADA98F2A6A25}"
EndProject
Global
	GlobalSection(SolutionConfigurationPlatforms) = preSolution
		Debug|Any CPU = Debug|Any CPU
		Release|Any CPU = Release|Any CPU
	EndGlobalSection
	GlobalSection(ProjectConfigurationPlatforms) = postSolution
		{331F8901-C0A5-4B18-8D23-1673EE14FD05}.Debug|Any CPU.ActiveCfg = Debug|Any CPU
		{331F8901-C0A5-4B18-8D23-1673EE14FD05}.Debug|Any CPU.Build.0 = Debug|Any CPU
		{331F8901-C0A5-4B18-8D23-1673EE14FD05}.Release|Any CPU.ActiveCfg = Release|Any CPU
		{331F8901-C0A5-4B18-8D23-1673EE14FD05}.Release|Any CPU.Build.0 = Release|Any CPU
		{4D2EBEA7-7C12-49C3-8D6D-9331E1C96FC1}.Debug|Any CPU.ActiveCfg = Debug|Any CPU
		{4D2EBEA7-7C12-49C3-8D6D-9331E1C96FC1}.Debug|Any CPU.Build.0 = Debug|Any CPU
		{4D2EBEA7-7C12-49C3-8D6D-9331E1C96FC1}.Release|Any CPU.ActiveCfg = Release|Any CPU
		{4D2EBEA7-7C12-49C3-8D6D-9331E1C96FC1}.Release|Any CPU.Build.0 = Release|Any CPU
		{0255B626-8D46-4D2F-8718-20B7E7E160A9}.Debug|Any CPU.ActiveCfg = Debug|Any CPU
		{0255B626-8D46-4D2F-8718-20B7E7E160A9}.Debug|Any CPU.Build.0 = Debug|Any CPU
		{0255B626-8D46-4D2F-8718-20B7E7E160A9}.Release|Any CPU.ActiveCfg = Release|Any CPU
		{0255B626-8D46-4D2F-8718-20B7E7E160A9}.Release|Any CPU.Build.0 = Release|Any CPU
		{283F7516-CB10-4D8A-A57C-024FD7DA8DA1}.Debug|Any CPU.ActiveCfg = Debug|Any CPU
		{283F7516-CB10-4D8A-A57C-024FD7DA8DA1}.Debug|Any CPU.Build.0 = Debug|Any CPU
		{283F7516-CB10-4D8A-A57C-024FD7DA8DA1}.Release|Any CPU.ActiveCfg = Release|Any CPU
		{283F7516-CB10-4D8A-A57C-024FD7DA8DA1}.Release|Any CPU.Build.0 = Release|Any CPU
		{08D927D9-093E-4BDE-857F-CDDA8BE1D154}.Debug|Any CPU.ActiveCfg = Debug|Any CPU
		{08D927D9-093E-4BDE-857F-CDDA8BE1D154}.Debug|Any CPU.Build.0 = Debug|Any CPU
		{08D927D9-093E-4BDE-857F-CDDA8BE1D154}.Release|Any CPU.ActiveCfg = Release|Any CPU
		{08D927D9-093E-4BDE-857F-CDDA8BE1D154}.Release|Any CPU.Build.0 = Release|Any CPU
		{6285D149-A713-4DD9-930B-189E1742A2CB}.Debug|Any CPU.ActiveCfg = Debug|Any CPU
		{6285D149-A713-4DD9-930B-189E1742A2CB}.Debug|Any CPU.Build.0 = Debug|Any CPU
		{6285D149-A713-4DD9-930B-189E1742A2CB}.Release|Any CPU.ActiveCfg = Release|Any CPU
		{6285D149-A713-4DD9-930B-189E1742A2CB}.Release|Any CPU.Build.0 = Release|Any CPU
		{0CC54F73-7706-4047-8457-DCC89F684BBE}.Debug|Any CPU.ActiveCfg = Debug|Any CPU
		{0CC54F73-7706-4047-8457-DCC89F684BBE}.Debug|Any CPU.Build.0 = Debug|Any CPU
		{0CC54F73-7706-4047-8457-DCC89F684BBE}.Release|Any CPU.ActiveCfg = Release|Any CPU
		{0CC54F73-7706-4047-8457-DCC89F684BBE}.Release|Any CPU.Build.0 = Release|Any CPU
		{306E08BC-1589-498E-9C0C-66064F848BCB}.Debug|Any CPU.ActiveCfg = Debug|Any CPU
		{306E08BC-1589-498E-9C0C-66064F848BCB}.Debug|Any CPU.Build.0 = Debug|Any CPU
		{306E08BC-1589-498E-9C0C-66064F848BCB}.Release|Any CPU.ActiveCfg = Release|Any CPU
		{306E08BC-1589-498E-9C0C-66064F848BCB}.Release|Any CPU.Build.0 = Release|Any CPU
		{DA4B843C-35D5-4EA0-97CD-577040A42249}.Debug|Any CPU.ActiveCfg = Debug|Any CPU
		{DA4B843C-35D5-4EA0-97CD-577040A42249}.Debug|Any CPU.Build.0 = Debug|Any CPU
		{DA4B843C-35D5-4EA0-97CD-577040A42249}.Release|Any CPU.ActiveCfg = Release|Any CPU
		{DA4B843C-35D5-4EA0-97CD-577040A42249}.Release|Any CPU.Build.0 = Release|Any CPU
		{58823D95-9259-4004-9287-0EE430CB10DD}.Debug|Any CPU.ActiveCfg = Debug|Any CPU
		{58823D95-9259-4004-9287-0EE430CB10DD}.Debug|Any CPU.Build.0 = Debug|Any CPU
		{58823D95-9259-4004-9287-0EE430CB10DD}.Release|Any CPU.ActiveCfg = Release|Any CPU
		{58823D95-9259-4004-9287-0EE430CB10DD}.Release|Any CPU.Build.0 = Release|Any CPU
		{D860F03F-8B5C-40A8-9A64-9EB00A6018CE}.Debug|Any CPU.ActiveCfg = Debug|Any CPU
		{D860F03F-8B5C-40A8-9A64-9EB00A6018CE}.Debug|Any CPU.Build.0 = Debug|Any CPU
		{D860F03F-8B5C-40A8-9A64-9EB00A6018CE}.Release|Any CPU.ActiveCfg = Release|Any CPU
		{D860F03F-8B5C-40A8-9A64-9EB00A6018CE}.Release|Any CPU.Build.0 = Release|Any CPU
		{A733D2D9-10C8-4F06-A80B-ADA98F2A6A25}.Debug|Any CPU.ActiveCfg = Debug|Any CPU
		{A733D2D9-10C8-4F06-A80B-ADA98F2A6A25}.Debug|Any CPU.Build.0 = Debug|Any CPU
		{A733D2D9-10C8-4F06-A80B-ADA98F2A6A25}.Release|Any CPU.ActiveCfg = Release|Any CPU
		{A733D2D9-10C8-4F06-A80B-ADA98F2A6A25}.Release|Any CPU.Build.0 = Release|Any CPU
	EndGlobalSection
	GlobalSection(SolutionProperties) = preSolution
		HideSolutionNode = FALSE
	EndGlobalSection
	GlobalSection(ExtensibilityGlobals) = postSolution
		SolutionGuid = {C12EAB03-EE70-4272-ACE6-85CB35CB7037}
	EndGlobalSection
EndGlobal
